
Microsoft Visual Studio Solution File, Format Version 12.00
Project("{2150E333-8FDC-42A3-9474-1A3956D46DE8}") = "src", "src", "{D358D9AF-5CA2-4E06-A990-631D2EC50B3D}"
EndProject
Project("{2150E333-8FDC-42A3-9474-1A3956D46DE8}") = "Infrastructure", "Infrastructure", "{60BD0EE1-AEE0-484A-B9C3-09F7CDEFED93}"
EndProject
Project("{2150E333-8FDC-42A3-9474-1A3956D46DE8}") = "WebUI", "WebUI", "{6CC3A2B3-FE46-4903-9F96-D930D8D37196}"
EndProject
Project("{2150E333-8FDC-42A3-9474-1A3956D46DE8}") = "Core", "Core", "{08AC0AF3-A73E-45C1-9D4F-0E5D65319AE5}"
EndProject
Project("{FAE04EC0-301F-11D3-BF4B-00C04F79EFBC}") = "Shareen.Domain", "Shareen.Domain\Shareen.Domain.csproj", "{D46CBB21-31B1-4F05-9EAE-01C372B15AD4}"
EndProject
Project("{FAE04EC0-301F-11D3-BF4B-00C04F79EFBC}") = "Shareen.Application", "Shareen.Application\Shareen.Application.csproj", "{F0D41857-D956-4614-9C40-70FFF77CD43E}"
EndProject
Project("{FAE04EC0-301F-11D3-BF4B-00C04F79EFBC}") = "Shareen.Persistence", "Shareen.Persistence\Shareen.Persistence.csproj", "{0631E726-273B-4E2E-B14C-32A29AC0BA4E}"
EndProject
Project("{FAE04EC0-301F-11D3-BF4B-00C04F79EFBC}") = "Shareen.WebApi", "Shareen.WebApi\Shareen.WebApi.csproj", "{070C9B55-F248-4AAC-B294-A89366308CBD}"
EndProject
Global
	GlobalSection(SolutionConfigurationPlatforms) = preSolution
		Debug|Any CPU = Debug|Any CPU
		Release|Any CPU = Release|Any CPU
	EndGlobalSection
	GlobalSection(NestedProjects) = preSolution
		{60BD0EE1-AEE0-484A-B9C3-09F7CDEFED93} = {D358D9AF-5CA2-4E06-A990-631D2EC50B3D}
		{6CC3A2B3-FE46-4903-9F96-D930D8D37196} = {D358D9AF-5CA2-4E06-A990-631D2EC50B3D}
		{08AC0AF3-A73E-45C1-9D4F-0E5D65319AE5} = {D358D9AF-5CA2-4E06-A990-631D2EC50B3D}
		{D46CBB21-31B1-4F05-9EAE-01C372B15AD4} = {08AC0AF3-A73E-45C1-9D4F-0E5D65319AE5}
		{F0D41857-D956-4614-9C40-70FFF77CD43E} = {08AC0AF3-A73E-45C1-9D4F-0E5D65319AE5}
		{0631E726-273B-4E2E-B14C-32A29AC0BA4E} = {60BD0EE1-AEE0-484A-B9C3-09F7CDEFED93}
		{070C9B55-F248-4AAC-B294-A89366308CBD} = {6CC3A2B3-FE46-4903-9F96-D930D8D37196}
	EndGlobalSection
	GlobalSection(ProjectConfigurationPlatforms) = postSolution
		{D46CBB21-31B1-4F05-9EAE-01C372B15AD4}.Debug|Any CPU.ActiveCfg = Debug|Any CPU
		{D46CBB21-31B1-4F05-9EAE-01C372B15AD4}.Debug|Any CPU.Build.0 = Debug|Any CPU
		{D46CBB21-31B1-4F05-9EAE-01C372B15AD4}.Release|Any CPU.ActiveCfg = Release|Any CPU
		{D46CBB21-31B1-4F05-9EAE-01C372B15AD4}.Release|Any CPU.Build.0 = Release|Any CPU
		{F0D41857-D956-4614-9C40-70FFF77CD43E}.Debug|Any CPU.ActiveCfg = Debug|Any CPU
		{F0D41857-D956-4614-9C40-70FFF77CD43E}.Debug|Any CPU.Build.0 = Debug|Any CPU
		{F0D41857-D956-4614-9C40-70FFF77CD43E}.Release|Any CPU.ActiveCfg = Release|Any CPU
		{F0D41857-D956-4614-9C40-70FFF77CD43E}.Release|Any CPU.Build.0 = Release|Any CPU
		{0631E726-273B-4E2E-B14C-32A29AC0BA4E}.Debug|Any CPU.ActiveCfg = Debug|Any CPU
		{0631E726-273B-4E2E-B14C-32A29AC0BA4E}.Debug|Any CPU.Build.0 = Debug|Any CPU
		{0631E726-273B-4E2E-B14C-32A29AC0BA4E}.Release|Any CPU.ActiveCfg = Release|Any CPU
		{0631E726-273B-4E2E-B14C-32A29AC0BA4E}.Release|Any CPU.Build.0 = Release|Any CPU
		{070C9B55-F248-4AAC-B294-A89366308CBD}.Debug|Any CPU.ActiveCfg = Debug|Any CPU
		{070C9B55-F248-4AAC-B294-A89366308CBD}.Debug|Any CPU.Build.0 = Debug|Any CPU
		{070C9B55-F248-4AAC-B294-A89366308CBD}.Release|Any CPU.ActiveCfg = Release|Any CPU
		{070C9B55-F248-4AAC-B294-A89366308CBD}.Release|Any CPU.Build.0 = Release|Any CPU
	EndGlobalSection
EndGlobal
